
Microsoft Visual Studio Solution File, Format Version 12.00
# Visual Studio 2013
VisualStudioVersion = 12.0.31101.0
MinimumVisualStudioVersion = 10.0.40219.1
Project("{FAE04EC0-301F-11D3-BF4B-00C04F79EFBC}") = "Prilozhenie_01.Objects", "Objects/Prilozhenie_01.Objects.csproj", "{716FEDAC-820C-4091-B00A-1897F2A1AF8B}"
EndProject
Project("{FAE04EC0-301F-11D3-BF4B-00C04F79EFBC}") = "Prilozhenie_01.ODataBackend", "ODataBackend/Prilozhenie_01.ODataBackend.csproj", "{53D5213F-AC36-422E-AD45-66A664AC6BD5}"
EndProject
Global
	GlobalSection(SolutionConfigurationPlatforms) = preSolution
Debug|Any CPU = Debug|Any CPU
Release|Any CPU = Release|Any CPU
	EndGlobalSection
	GlobalSection(ProjectConfigurationPlatforms) = postSolution
		{716FEDAC-820C-4091-B00A-1897F2A1AF8B}.Debug|Any CPU.ActiveCfg = Debug|Any CPU
		{716FEDAC-820C-4091-B00A-1897F2A1AF8B}.Debug|Any CPU.Build.0 = Debug|Any CPU
		{716FEDAC-820C-4091-B00A-1897F2A1AF8B}.Release|Any CPU.ActiveCfg = Release|Any CPU
		{716FEDAC-820C-4091-B00A-1897F2A1AF8B}.Release|Any CPU.Build.0 = Release|Any CPU
		{53D5213F-AC36-422E-AD45-66A664AC6BD5}.Debug|Any CPU.ActiveCfg = Debug|Any CPU
		{53D5213F-AC36-422E-AD45-66A664AC6BD5}.Debug|Any CPU.Build.0 = Debug|Any CPU
		{53D5213F-AC36-422E-AD45-66A664AC6BD5}.Release|Any CPU.ActiveCfg = Release|Any CPU
		{53D5213F-AC36-422E-AD45-66A664AC6BD5}.Release|Any CPU.Build.0 = Release|Any CPU
	EndGlobalSection
	GlobalSection(SolutionProperties) = preSolution
		HideSolutionNode = FALSE
	EndGlobalSection
EndGlobal
